
Microsoft Visual Studio Solution File, Format Version 12.00
# Visual Studio Version 17
VisualStudioVersion = 17.9.34701.34
MinimumVisualStudioVersion = 10.0.40219.1
Project("{9A19103F-16F7-4668-BE54-9A1E7A4F7556}") = "RPG.Domain", "RPG.Domain\RPG.Domain.csproj", "{30940019-35B7-425D-8D3C-62E250323114}"
EndProject
Project("{9A19103F-16F7-4668-BE54-9A1E7A4F7556}") = "RPG.App", "RPG.App\RPG.App.csproj", "{99BA570A-2269-48D2-9A82-7648F950278C}"
EndProject
Project("{9A19103F-16F7-4668-BE54-9A1E7A4F7556}") = "RPG.Infrastructure", "RPG.Infrastructure\RPG.Infrastructure.csproj", "{ED2E3D22-FED6-4B7F-9C29-78AFDBE4E4C9}"
EndProject
Project("{9A19103F-16F7-4668-BE54-9A1E7A4F7556}") = "RPG.Api", "RPG.Api\RPG.Api.csproj", "{DC83DF3B-276D-478A-8515-BB7B52675017}"
EndProject
Project("{FAE04EC0-301F-11D3-BF4B-00C04F79EFBC}") = "RPG.Tests", "RPG.Tests\RPG.Tests.csproj", "{CD9B5DE8-3AEE-4833-AFBA-0B048CAF026F}"
EndProject
Global
	GlobalSection(SolutionConfigurationPlatforms) = preSolution
		Debug|Any CPU = Debug|Any CPU
		Release|Any CPU = Release|Any CPU
	EndGlobalSection
	GlobalSection(ProjectConfigurationPlatforms) = postSolution
		{30940019-35B7-425D-8D3C-62E250323114}.Debug|Any CPU.ActiveCfg = Debug|Any CPU
		{30940019-35B7-425D-8D3C-62E250323114}.Debug|Any CPU.Build.0 = Debug|Any CPU
		{30940019-35B7-425D-8D3C-62E250323114}.Release|Any CPU.ActiveCfg = Release|Any CPU
		{30940019-35B7-425D-8D3C-62E250323114}.Release|Any CPU.Build.0 = Release|Any CPU
		{99BA570A-2269-48D2-9A82-7648F950278C}.Debug|Any CPU.ActiveCfg = Debug|Any CPU
		{99BA570A-2269-48D2-9A82-7648F950278C}.Debug|Any CPU.Build.0 = Debug|Any CPU
		{99BA570A-2269-48D2-9A82-7648F950278C}.Release|Any CPU.ActiveCfg = Release|Any CPU
		{99BA570A-2269-48D2-9A82-7648F950278C}.Release|Any CPU.Build.0 = Release|Any CPU
		{ED2E3D22-FED6-4B7F-9C29-78AFDBE4E4C9}.Debug|Any CPU.ActiveCfg = Debug|Any CPU
		{ED2E3D22-FED6-4B7F-9C29-78AFDBE4E4C9}.Debug|Any CPU.Build.0 = Debug|Any CPU
		{ED2E3D22-FED6-4B7F-9C29-78AFDBE4E4C9}.Release|Any CPU.ActiveCfg = Release|Any CPU
		{ED2E3D22-FED6-4B7F-9C29-78AFDBE4E4C9}.Release|Any CPU.Build.0 = Release|Any CPU
		{DC83DF3B-276D-478A-8515-BB7B52675017}.Debug|Any CPU.ActiveCfg = Debug|Any CPU
		{DC83DF3B-276D-478A-8515-BB7B52675017}.Debug|Any CPU.Build.0 = Debug|Any CPU
		{DC83DF3B-276D-478A-8515-BB7B52675017}.Release|Any CPU.ActiveCfg = Release|Any CPU
		{DC83DF3B-276D-478A-8515-BB7B52675017}.Release|Any CPU.Build.0 = Release|Any CPU
		{CD9B5DE8-3AEE-4833-AFBA-0B048CAF026F}.Debug|Any CPU.ActiveCfg = Debug|Any CPU
		{CD9B5DE8-3AEE-4833-AFBA-0B048CAF026F}.Debug|Any CPU.Build.0 = Debug|Any CPU
		{CD9B5DE8-3AEE-4833-AFBA-0B048CAF026F}.Release|Any CPU.ActiveCfg = Release|Any CPU
		{CD9B5DE8-3AEE-4833-AFBA-0B048CAF026F}.Release|Any CPU.Build.0 = Release|Any CPU
	EndGlobalSection
	GlobalSection(SolutionProperties) = preSolution
		HideSolutionNode = FALSE
	EndGlobalSection
	GlobalSection(ExtensibilityGlobals) = postSolution
		SolutionGuid = {63AFEB16-FFCC-42D3-B73A-C205D2A17A72}
	EndGlobalSection
EndGlobal
